
Microsoft Visual Studio Solution File, Format Version 12.00
# Visual Studio Version 17
VisualStudioVersion = 17.11.35222.181
MinimumVisualStudioVersion = 10.0.40219.1
Project("{9A19103F-16F7-4668-BE54-9A1E7A4F7556}") = "2dRPGmonogameFIXED", "2dRPGmonogameFIXED.csproj", "{80098B1F-8DD5-45EA-B30F-76C80AFCFD30}"
EndProject
Global
	GlobalSection(SolutionConfigurationPlatforms) = preSolution
		Debug|Any CPU = Debug|Any CPU
		Release|Any CPU = Release|Any CPU
	EndGlobalSection
	GlobalSection(ProjectConfigurationPlatforms) = postSolution
		{80098B1F-8DD5-45EA-B30F-76C80AFCFD30}.Debug|Any CPU.ActiveCfg = Debug|Any CPU
		{80098B1F-8DD5-45EA-B30F-76C80AFCFD30}.Debug|Any CPU.Build.0 = Debug|Any CPU
		{80098B1F-8DD5-45EA-B30F-76C80AFCFD30}.Release|Any CPU.ActiveCfg = Release|Any CPU
		{80098B1F-8DD5-45EA-B30F-76C80AFCFD30}.Release|Any CPU.Build.0 = Release|Any CPU
	EndGlobalSection
	GlobalSection(SolutionProperties) = preSolution
		HideSolutionNode = FALSE
	EndGlobalSection
	GlobalSection(ExtensibilityGlobals) = postSolution
		SolutionGuid = {5EF7BC92-2E72-49BB-8967-D6C99BA80C2A}
	EndGlobalSection
EndGlobal
